
Microsoft Visual Studio Solution File, Format Version 12.00
# Visual Studio Version 17
VisualStudioVersion = 17.0.32014.148
MinimumVisualStudioVersion = 10.0.40219.1
Project("{FAE04EC0-301F-11D3-BF4B-00C04F79EFBC}") = "APIPeliculas", "APIPeliculas\APIPeliculas.csproj", "{59701583-9503-4840-9A89-408A90787BAC}"
EndProject
Global
	GlobalSection(SolutionConfigurationPlatforms) = preSolution
		Debug|Any CPU = Debug|Any CPU
		Release|Any CPU = Release|Any CPU
	EndGlobalSection
	GlobalSection(ProjectConfigurationPlatforms) = postSolution
		{59701583-9503-4840-9A89-408A90787BAC}.Debug|Any CPU.ActiveCfg = Debug|Any CPU
		{59701583-9503-4840-9A89-408A90787BAC}.Debug|Any CPU.Build.0 = Debug|Any CPU
		{59701583-9503-4840-9A89-408A90787BAC}.Release|Any CPU.ActiveCfg = Release|Any CPU
		{59701583-9503-4840-9A89-408A90787BAC}.Release|Any CPU.Build.0 = Release|Any CPU
	EndGlobalSection
	GlobalSection(SolutionProperties) = preSolution
		HideSolutionNode = FALSE
	EndGlobalSection
	GlobalSection(ExtensibilityGlobals) = postSolution
		SolutionGuid = {4C367906-BFE4-49E1-8C67-1633410E7487}
	EndGlobalSection
EndGlobal
